
Microsoft Visual Studio Solution File, Format Version 12.00
# Visual Studio Version 16
VisualStudioVersion = 16.0.29728.190
MinimumVisualStudioVersion = 10.0.40219.1
Project("{2150E333-8FDC-42A3-9474-1A3956D46DE8}") = "lib", "lib", "{A9D8132B-976C-4154-B2CB-988393D08444}"
EndProject
Project("{2150E333-8FDC-42A3-9474-1A3956D46DE8}") = "common", "common", "{D2A77E02-1A1B-47A3-BB4D-366707466A7E}"
EndProject
Project("{FAE04EC0-301F-11D3-BF4B-00C04F79EFBC}") = "Common.ComponentModel", "Common.ComponentModel\Common.ComponentModel.csproj", "{C1AFE671-D598-4C89-B045-30CC20023849}"
EndProject
Project("{FAE04EC0-301F-11D3-BF4B-00C04F79EFBC}") = "Common.ComponentModel.Tests", "Common.ComponentModel.Tests\Common.ComponentModel.Tests.csproj", "{8B0C40C6-A638-41F0-93A7-17FE6BAA0259}"
EndProject
Project("{FAE04EC0-301F-11D3-BF4B-00C04F79EFBC}") = "Common.Components", "Common.Components\Common.Components.csproj", "{2B10158D-FFBE-46A8-A637-1B7BBE56700D}"
EndProject
Project("{FAE04EC0-301F-11D3-BF4B-00C04F79EFBC}") = "Common.MathematicsHelper", "Common.MathematicsHelper\Common.MathematicsHelper.csproj", "{0D1F61DD-6F1A-4D2D-9B40-6B4D2FBAC30D}"
EndProject
Project("{FAE04EC0-301F-11D3-BF4B-00C04F79EFBC}") = "Common.MongoDB", "Common.MongoDB\Common.MongoDB.csproj", "{263590D6-4984-477E-8D22-67C477870E8C}"
EndProject
Project("{FAE04EC0-301F-11D3-BF4B-00C04F79EFBC}") = "Common.ParametersValidation", "Common.ParametersValidation\Common.ParametersValidation.csproj", "{41F5F951-B6A6-4F67-BBC1-EBEF53F62FA8}"
EndProject
Project("{FAE04EC0-301F-11D3-BF4B-00C04F79EFBC}") = "Common.PythonScripting", "Common.PythonScripting\Common.PythonScripting.csproj", "{76EE6660-3198-4F3F-ADBF-B48AC0CE3C3E}"
EndProject
Project("{FAE04EC0-301F-11D3-BF4B-00C04F79EFBC}") = "Common.Repository", "Common.Repository\Common.Repository.csproj", "{65C156F0-FA83-4905-9AB0-CC4D04A05627}"
EndProject
Project("{FAE04EC0-301F-11D3-BF4B-00C04F79EFBC}") = "Common.UnitTestsBase", "Common.UnitTestsBase\Common.UnitTestsBase.csproj", "{6E32A395-D89B-426C-ADB3-E25F824ACE86}"
EndProject
Global
	GlobalSection(SolutionConfigurationPlatforms) = preSolution
		Debug|Any CPU = Debug|Any CPU
		Release|Any CPU = Release|Any CPU
	EndGlobalSection
	GlobalSection(ProjectConfigurationPlatforms) = postSolution
		{C1AFE671-D598-4C89-B045-30CC20023849}.Debug|Any CPU.ActiveCfg = Debug|Any CPU
		{C1AFE671-D598-4C89-B045-30CC20023849}.Debug|Any CPU.Build.0 = Debug|Any CPU
		{C1AFE671-D598-4C89-B045-30CC20023849}.Release|Any CPU.ActiveCfg = Release|Any CPU
		{C1AFE671-D598-4C89-B045-30CC20023849}.Release|Any CPU.Build.0 = Release|Any CPU
		{8B0C40C6-A638-41F0-93A7-17FE6BAA0259}.Debug|Any CPU.ActiveCfg = Debug|Any CPU
		{8B0C40C6-A638-41F0-93A7-17FE6BAA0259}.Debug|Any CPU.Build.0 = Debug|Any CPU
		{8B0C40C6-A638-41F0-93A7-17FE6BAA0259}.Release|Any CPU.ActiveCfg = Release|Any CPU
		{8B0C40C6-A638-41F0-93A7-17FE6BAA0259}.Release|Any CPU.Build.0 = Release|Any CPU
		{2B10158D-FFBE-46A8-A637-1B7BBE56700D}.Debug|Any CPU.ActiveCfg = Debug|Any CPU
		{2B10158D-FFBE-46A8-A637-1B7BBE56700D}.Debug|Any CPU.Build.0 = Debug|Any CPU
		{2B10158D-FFBE-46A8-A637-1B7BBE56700D}.Release|Any CPU.ActiveCfg = Release|Any CPU
		{2B10158D-FFBE-46A8-A637-1B7BBE56700D}.Release|Any CPU.Build.0 = Release|Any CPU
		{0D1F61DD-6F1A-4D2D-9B40-6B4D2FBAC30D}.Debug|Any CPU.ActiveCfg = Debug|Any CPU
		{0D1F61DD-6F1A-4D2D-9B40-6B4D2FBAC30D}.Debug|Any CPU.Build.0 = Debug|Any CPU
		{0D1F61DD-6F1A-4D2D-9B40-6B4D2FBAC30D}.Release|Any CPU.ActiveCfg = Release|Any CPU
		{0D1F61DD-6F1A-4D2D-9B40-6B4D2FBAC30D}.Release|Any CPU.Build.0 = Release|Any CPU
		{263590D6-4984-477E-8D22-67C477870E8C}.Debug|Any CPU.ActiveCfg = Debug|Any CPU
		{263590D6-4984-477E-8D22-67C477870E8C}.Debug|Any CPU.Build.0 = Debug|Any CPU
		{263590D6-4984-477E-8D22-67C477870E8C}.Release|Any CPU.ActiveCfg = Release|Any CPU
		{263590D6-4984-477E-8D22-67C477870E8C}.Release|Any CPU.Build.0 = Release|Any CPU
		{41F5F951-B6A6-4F67-BBC1-EBEF53F62FA8}.Debug|Any CPU.ActiveCfg = Debug|Any CPU
		{41F5F951-B6A6-4F67-BBC1-EBEF53F62FA8}.Debug|Any CPU.Build.0 = Debug|Any CPU
		{41F5F951-B6A6-4F67-BBC1-EBEF53F62FA8}.Release|Any CPU.ActiveCfg = Release|Any CPU
		{41F5F951-B6A6-4F67-BBC1-EBEF53F62FA8}.Release|Any CPU.Build.0 = Release|Any CPU
		{76EE6660-3198-4F3F-ADBF-B48AC0CE3C3E}.Debug|Any CPU.ActiveCfg = Debug|Any CPU
		{76EE6660-3198-4F3F-ADBF-B48AC0CE3C3E}.Debug|Any CPU.Build.0 = Debug|Any CPU
		{76EE6660-3198-4F3F-ADBF-B48AC0CE3C3E}.Release|Any CPU.ActiveCfg = Release|Any CPU
		{76EE6660-3198-4F3F-ADBF-B48AC0CE3C3E}.Release|Any CPU.Build.0 = Release|Any CPU
		{65C156F0-FA83-4905-9AB0-CC4D04A05627}.Debug|Any CPU.ActiveCfg = Debug|Any CPU
		{65C156F0-FA83-4905-9AB0-CC4D04A05627}.Debug|Any CPU.Build.0 = Debug|Any CPU
		{65C156F0-FA83-4905-9AB0-CC4D04A05627}.Release|Any CPU.ActiveCfg = Release|Any CPU
		{65C156F0-FA83-4905-9AB0-CC4D04A05627}.Release|Any CPU.Build.0 = Release|Any CPU
		{6E32A395-D89B-426C-ADB3-E25F824ACE86}.Debug|Any CPU.ActiveCfg = Debug|Any CPU
		{6E32A395-D89B-426C-ADB3-E25F824ACE86}.Debug|Any CPU.Build.0 = Debug|Any CPU
		{6E32A395-D89B-426C-ADB3-E25F824ACE86}.Release|Any CPU.ActiveCfg = Release|Any CPU
		{6E32A395-D89B-426C-ADB3-E25F824ACE86}.Release|Any CPU.Build.0 = Release|Any CPU
	EndGlobalSection
	GlobalSection(SolutionProperties) = preSolution
		HideSolutionNode = FALSE
	EndGlobalSection
	GlobalSection(NestedProjects) = preSolution
		{D2A77E02-1A1B-47A3-BB4D-366707466A7E} = {A9D8132B-976C-4154-B2CB-988393D08444}
		{C1AFE671-D598-4C89-B045-30CC20023849} = {D2A77E02-1A1B-47A3-BB4D-366707466A7E}
		{8B0C40C6-A638-41F0-93A7-17FE6BAA0259} = {D2A77E02-1A1B-47A3-BB4D-366707466A7E}
		{2B10158D-FFBE-46A8-A637-1B7BBE56700D} = {D2A77E02-1A1B-47A3-BB4D-366707466A7E}
		{0D1F61DD-6F1A-4D2D-9B40-6B4D2FBAC30D} = {D2A77E02-1A1B-47A3-BB4D-366707466A7E}
		{263590D6-4984-477E-8D22-67C477870E8C} = {D2A77E02-1A1B-47A3-BB4D-366707466A7E}
		{41F5F951-B6A6-4F67-BBC1-EBEF53F62FA8} = {D2A77E02-1A1B-47A3-BB4D-366707466A7E}
		{76EE6660-3198-4F3F-ADBF-B48AC0CE3C3E} = {D2A77E02-1A1B-47A3-BB4D-366707466A7E}
		{65C156F0-FA83-4905-9AB0-CC4D04A05627} = {D2A77E02-1A1B-47A3-BB4D-366707466A7E}
		{6E32A395-D89B-426C-ADB3-E25F824ACE86} = {D2A77E02-1A1B-47A3-BB4D-366707466A7E}
	EndGlobalSection
	GlobalSection(ExtensibilityGlobals) = postSolution
		SolutionGuid = {9CD4A52D-E9C4-48FA-9982-D2458BBC1A32}
	EndGlobalSection
EndGlobal
