
Microsoft Visual Studio Solution File, Format Version 12.00
# Visual Studio Version 16
VisualStudioVersion = 16.0.29728.190
MinimumVisualStudioVersion = 10.0.40219.1
Project("{2150E333-8FDC-42A3-9474-1A3956D46DE8}") = "lib", "lib", "{A9D8132B-976C-4154-B2CB-988393D08444}"
EndProject
Project("{2150E333-8FDC-42A3-9474-1A3956D46DE8}") = "common", "common", "{D2A77E02-1A1B-47A3-BB4D-366707466A7E}"
EndProject
Project("{FAE04EC0-301F-11D3-BF4B-00C04F79EFBC}") = "Common.MongoDB", "Common.MongoDB\Common.MongoDB.csproj", "{263590D6-4984-477E-8D22-67C477870E8C}"
EndProject
Project("{FAE04EC0-301F-11D3-BF4B-00C04F79EFBC}") = "Common.ParametersValidation", "Common.ParametersValidation\Common.ParametersValidation.csproj", "{41F5F951-B6A6-4F67-BBC1-EBEF53F62FA8}"
EndProject
Project("{FAE04EC0-301F-11D3-BF4B-00C04F79EFBC}") = "Common.PythonScripting", "Common.PythonScripting\Common.PythonScripting.csproj", "{76EE6660-3198-4F3F-ADBF-B48AC0CE3C3E}"
EndProject
Project("{FAE04EC0-301F-11D3-BF4B-00C04F79EFBC}") = "Common.Repository", "Common.Repository\Common.Repository.csproj", "{65C156F0-FA83-4905-9AB0-CC4D04A05627}"
EndProject
Project("{FAE04EC0-301F-11D3-BF4B-00C04F79EFBC}") = "Common.UnitTestsBase", "Common.UnitTestsBase\Common.UnitTestsBase.csproj", "{6E32A395-D89B-426C-ADB3-E25F824ACE86}"
EndProject
Project("{2150E333-8FDC-42A3-9474-1A3956D46DE8}") = "tests", "tests", "{E4178F9B-D9FB-4365-A1ED-6F92B904A067}"
EndProject
Project("{2150E333-8FDC-42A3-9474-1A3956D46DE8}") = "unit", "unit", "{EFB0CFED-C195-4C8A-85CA-9701FCABC1A7}"
EndProject
Project("{2150E333-8FDC-42A3-9474-1A3956D46DE8}") = "common", "common", "{57219F32-8DBC-4A58-8B1D-CBC0284DA002}"
EndProject
Project("{FAE04EC0-301F-11D3-BF4B-00C04F79EFBC}") = "Common.Components.UnitTests", "..\..\tests\unit\common\Common.Components.UnitTests\Common.Components.UnitTests.csproj", "{921E0CA1-ADE9-4334-950A-B852FB0C78F4}"
EndProject
Project("{9A19103F-16F7-4668-BE54-9A1E7A4F7556}") = "Common.MathematicsHelper", "Common.MathematicsHelper\Common.MathematicsHelper.csproj", "{539C18E9-C737-4DA9-BE43-F702507E248F}"
EndProject
Project("{9A19103F-16F7-4668-BE54-9A1E7A4F7556}") = "Common.MathematicsHelper.UnitTests", "..\..\tests\unit\common\Common.MathematicsHelper.UnitTests\Common.MathematicsHelper.UnitTests.csproj", "{EF76A04E-1488-4308-A402-A3D618DC0926}"
EndProject
Global
	GlobalSection(SolutionConfigurationPlatforms) = preSolution
		Debug|Any CPU = Debug|Any CPU
		Release|Any CPU = Release|Any CPU
	EndGlobalSection
	GlobalSection(ProjectConfigurationPlatforms) = postSolution
		{263590D6-4984-477E-8D22-67C477870E8C}.Debug|Any CPU.ActiveCfg = Debug|Any CPU
		{263590D6-4984-477E-8D22-67C477870E8C}.Debug|Any CPU.Build.0 = Debug|Any CPU
		{263590D6-4984-477E-8D22-67C477870E8C}.Release|Any CPU.ActiveCfg = Release|Any CPU
		{263590D6-4984-477E-8D22-67C477870E8C}.Release|Any CPU.Build.0 = Release|Any CPU
		{41F5F951-B6A6-4F67-BBC1-EBEF53F62FA8}.Debug|Any CPU.ActiveCfg = Debug|Any CPU
		{41F5F951-B6A6-4F67-BBC1-EBEF53F62FA8}.Debug|Any CPU.Build.0 = Debug|Any CPU
		{41F5F951-B6A6-4F67-BBC1-EBEF53F62FA8}.Release|Any CPU.ActiveCfg = Release|Any CPU
		{41F5F951-B6A6-4F67-BBC1-EBEF53F62FA8}.Release|Any CPU.Build.0 = Release|Any CPU
		{76EE6660-3198-4F3F-ADBF-B48AC0CE3C3E}.Debug|Any CPU.ActiveCfg = Debug|Any CPU
		{76EE6660-3198-4F3F-ADBF-B48AC0CE3C3E}.Debug|Any CPU.Build.0 = Debug|Any CPU
		{76EE6660-3198-4F3F-ADBF-B48AC0CE3C3E}.Release|Any CPU.ActiveCfg = Release|Any CPU
		{76EE6660-3198-4F3F-ADBF-B48AC0CE3C3E}.Release|Any CPU.Build.0 = Release|Any CPU
		{65C156F0-FA83-4905-9AB0-CC4D04A05627}.Debug|Any CPU.ActiveCfg = Debug|Any CPU
		{65C156F0-FA83-4905-9AB0-CC4D04A05627}.Debug|Any CPU.Build.0 = Debug|Any CPU
		{65C156F0-FA83-4905-9AB0-CC4D04A05627}.Release|Any CPU.ActiveCfg = Release|Any CPU
		{65C156F0-FA83-4905-9AB0-CC4D04A05627}.Release|Any CPU.Build.0 = Release|Any CPU
		{6E32A395-D89B-426C-ADB3-E25F824ACE86}.Debug|Any CPU.ActiveCfg = Debug|Any CPU
		{6E32A395-D89B-426C-ADB3-E25F824ACE86}.Debug|Any CPU.Build.0 = Debug|Any CPU
		{6E32A395-D89B-426C-ADB3-E25F824ACE86}.Release|Any CPU.ActiveCfg = Release|Any CPU
		{6E32A395-D89B-426C-ADB3-E25F824ACE86}.Release|Any CPU.Build.0 = Release|Any CPU
		{921E0CA1-ADE9-4334-950A-B852FB0C78F4}.Debug|Any CPU.ActiveCfg = Debug|Any CPU
		{921E0CA1-ADE9-4334-950A-B852FB0C78F4}.Debug|Any CPU.Build.0 = Debug|Any CPU
		{921E0CA1-ADE9-4334-950A-B852FB0C78F4}.Release|Any CPU.ActiveCfg = Release|Any CPU
		{921E0CA1-ADE9-4334-950A-B852FB0C78F4}.Release|Any CPU.Build.0 = Release|Any CPU
		{539C18E9-C737-4DA9-BE43-F702507E248F}.Debug|Any CPU.ActiveCfg = Debug|Any CPU
		{539C18E9-C737-4DA9-BE43-F702507E248F}.Debug|Any CPU.Build.0 = Debug|Any CPU
		{539C18E9-C737-4DA9-BE43-F702507E248F}.Release|Any CPU.ActiveCfg = Release|Any CPU
		{539C18E9-C737-4DA9-BE43-F702507E248F}.Release|Any CPU.Build.0 = Release|Any CPU
		{EF76A04E-1488-4308-A402-A3D618DC0926}.Debug|Any CPU.ActiveCfg = Debug|Any CPU
		{EF76A04E-1488-4308-A402-A3D618DC0926}.Debug|Any CPU.Build.0 = Debug|Any CPU
		{EF76A04E-1488-4308-A402-A3D618DC0926}.Release|Any CPU.ActiveCfg = Release|Any CPU
		{EF76A04E-1488-4308-A402-A3D618DC0926}.Release|Any CPU.Build.0 = Release|Any CPU
	EndGlobalSection
	GlobalSection(SolutionProperties) = preSolution
		HideSolutionNode = FALSE
	EndGlobalSection
	GlobalSection(NestedProjects) = preSolution
		{D2A77E02-1A1B-47A3-BB4D-366707466A7E} = {A9D8132B-976C-4154-B2CB-988393D08444}
		{263590D6-4984-477E-8D22-67C477870E8C} = {D2A77E02-1A1B-47A3-BB4D-366707466A7E}
		{41F5F951-B6A6-4F67-BBC1-EBEF53F62FA8} = {D2A77E02-1A1B-47A3-BB4D-366707466A7E}
		{76EE6660-3198-4F3F-ADBF-B48AC0CE3C3E} = {D2A77E02-1A1B-47A3-BB4D-366707466A7E}
		{65C156F0-FA83-4905-9AB0-CC4D04A05627} = {D2A77E02-1A1B-47A3-BB4D-366707466A7E}
		{6E32A395-D89B-426C-ADB3-E25F824ACE86} = {D2A77E02-1A1B-47A3-BB4D-366707466A7E}
		{EFB0CFED-C195-4C8A-85CA-9701FCABC1A7} = {E4178F9B-D9FB-4365-A1ED-6F92B904A067}
		{57219F32-8DBC-4A58-8B1D-CBC0284DA002} = {EFB0CFED-C195-4C8A-85CA-9701FCABC1A7}
		{921E0CA1-ADE9-4334-950A-B852FB0C78F4} = {57219F32-8DBC-4A58-8B1D-CBC0284DA002}
		{539C18E9-C737-4DA9-BE43-F702507E248F} = {D2A77E02-1A1B-47A3-BB4D-366707466A7E}
		{EF76A04E-1488-4308-A402-A3D618DC0926} = {57219F32-8DBC-4A58-8B1D-CBC0284DA002}
	EndGlobalSection
	GlobalSection(ExtensibilityGlobals) = postSolution
		SolutionGuid = {9CD4A52D-E9C4-48FA-9982-D2458BBC1A32}
	EndGlobalSection
EndGlobal
