
Microsoft Visual Studio Solution File, Format Version 12.00
# Visual Studio Version 16
VisualStudioVersion = 16.0.29926.136
MinimumVisualStudioVersion = 10.0.40219.1
Project("{FAE04EC0-301F-11D3-BF4B-00C04F79EFBC}") = "InterestManagement", "InterestManagement\InterestManagement.csproj", "{78719048-5F27-4157-96E8-62D6C649D3D7}"
EndProject
Project("{2150E333-8FDC-42A3-9474-1A3956D46DE8}") = "lib", "lib", "{FE7FF303-D399-4611-99C3-141F5DBF25A4}"
EndProject
Project("{2150E333-8FDC-42A3-9474-1A3956D46DE8}") = "interest-management", "interest-management", "{F420F6A5-C056-4932-B40A-C85738F0E6AD}"
EndProject
Global
	GlobalSection(SolutionConfigurationPlatforms) = preSolution
		Debug|Any CPU = Debug|Any CPU
		Release|Any CPU = Release|Any CPU
	EndGlobalSection
	GlobalSection(ProjectConfigurationPlatforms) = postSolution
		{78719048-5F27-4157-96E8-62D6C649D3D7}.Debug|Any CPU.ActiveCfg = Debug|Any CPU
		{78719048-5F27-4157-96E8-62D6C649D3D7}.Debug|Any CPU.Build.0 = Debug|Any CPU
		{78719048-5F27-4157-96E8-62D6C649D3D7}.Release|Any CPU.ActiveCfg = Release|Any CPU
		{78719048-5F27-4157-96E8-62D6C649D3D7}.Release|Any CPU.Build.0 = Release|Any CPU
	EndGlobalSection
	GlobalSection(SolutionProperties) = preSolution
		HideSolutionNode = FALSE
	EndGlobalSection
	GlobalSection(NestedProjects) = preSolution
		{78719048-5F27-4157-96E8-62D6C649D3D7} = {F420F6A5-C056-4932-B40A-C85738F0E6AD}
		{F420F6A5-C056-4932-B40A-C85738F0E6AD} = {FE7FF303-D399-4611-99C3-141F5DBF25A4}
	EndGlobalSection
	GlobalSection(ExtensibilityGlobals) = postSolution
		SolutionGuid = {9982FA7B-D74D-48CD-B72D-945938936A6C}
	EndGlobalSection
EndGlobal
