
Microsoft Visual Studio Solution File, Format Version 12.00
# Visual Studio 15
VisualStudioVersion = 15.0.26430.16
MinimumVisualStudioVersion = 10.0.40219.1
Project("{2150E333-8FDC-42A3-9474-1A3956D46DE8}") = "Servers", "Servers", "{E2552411-D347-4907-9C50-2B7EDCB4B64A}"
EndProject
Project("{2150E333-8FDC-42A3-9474-1A3956D46DE8}") = "Game Server", "Game Server", "{3D62116D-D193-4FB3-B99C-AA540E6E99D4}"
EndProject
Project("{FAE04EC0-301F-11D3-BF4B-00C04F79EFBC}") = "Game", "Servers\Game Server\Game\Game.csproj", "{DF693C06-200A-4903-B72F-AF600BB7D47A}"
EndProject
Project("{2150E333-8FDC-42A3-9474-1A3956D46DE8}") = "Shared", "Shared", "{6BD1A4DA-D8A1-441D-AE30-7FFDAF884926}"
EndProject
Project("{FAE04EC0-301F-11D3-BF4B-00C04F79EFBC}") = "Game.PhotonStarter", "Servers\Game Server\Game.PhotonStarter\Game.PhotonStarter.csproj", "{BA247981-850D-416E-AE85-10BEC7349F21}"
EndProject
Project("{FAE04EC0-301F-11D3-BF4B-00C04F79EFBC}") = "Game.Common", "Shared\Client\Game.Common\Game.Common.csproj", "{AA536188-84FF-4286-A9E6-BAFBE1D8D37B}"
EndProject
Project("{2150E333-8FDC-42A3-9474-1A3956D46DE8}") = "Client", "Client", "{46B2DB14-93E8-4C3F-8382-BEB6F9CC3CD7}"
EndProject
Project("{2150E333-8FDC-42A3-9474-1A3956D46DE8}") = "Servers", "Servers", "{7F6D9E5C-4E54-499D-8912-E613AC18CD4C}"
EndProject
Project("{FAE04EC0-301F-11D3-BF4B-00C04F79EFBC}") = "ServerApplication.Common", "Shared\Servers\ServerApplication.Common\ServerApplication.Common.csproj", "{F82FBB67-7B1D-43B7-A415-3F407D40E5C7}"
EndProject
Project("{2150E333-8FDC-42A3-9474-1A3956D46DE8}") = "Helper", "Helper", "{15D448CF-A201-41D0-AE85-DF180ACD5818}"
EndProject
Project("{FAE04EC0-301F-11D3-BF4B-00C04F79EFBC}") = "MathematicsHelper", "Shared\Helper\MathematicsHelper\MathematicsHelper.csproj", "{A3BE3E13-D3A1-4800-B471-A39F5ED4B554}"
EndProject
Project("{FAE04EC0-301F-11D3-BF4B-00C04F79EFBC}") = "Game.InterestManagement", "Servers\Game Server\Game.InterestManagement\Game.InterestManagement.csproj", "{DB7043AD-92FD-428A-BB43-18ED8D25B41D}"
EndProject
Global
	GlobalSection(SolutionConfigurationPlatforms) = preSolution
		Debug|Any CPU = Debug|Any CPU
		Release|Any CPU = Release|Any CPU
	EndGlobalSection
	GlobalSection(ProjectConfigurationPlatforms) = postSolution
		{DF693C06-200A-4903-B72F-AF600BB7D47A}.Debug|Any CPU.ActiveCfg = Debug|Any CPU
		{DF693C06-200A-4903-B72F-AF600BB7D47A}.Debug|Any CPU.Build.0 = Debug|Any CPU
		{DF693C06-200A-4903-B72F-AF600BB7D47A}.Release|Any CPU.ActiveCfg = Release|Any CPU
		{DF693C06-200A-4903-B72F-AF600BB7D47A}.Release|Any CPU.Build.0 = Release|Any CPU
		{BA247981-850D-416E-AE85-10BEC7349F21}.Debug|Any CPU.ActiveCfg = Debug|Any CPU
		{BA247981-850D-416E-AE85-10BEC7349F21}.Debug|Any CPU.Build.0 = Debug|Any CPU
		{BA247981-850D-416E-AE85-10BEC7349F21}.Release|Any CPU.ActiveCfg = Release|Any CPU
		{BA247981-850D-416E-AE85-10BEC7349F21}.Release|Any CPU.Build.0 = Release|Any CPU
		{AA536188-84FF-4286-A9E6-BAFBE1D8D37B}.Debug|Any CPU.ActiveCfg = Debug|Any CPU
		{AA536188-84FF-4286-A9E6-BAFBE1D8D37B}.Debug|Any CPU.Build.0 = Debug|Any CPU
		{AA536188-84FF-4286-A9E6-BAFBE1D8D37B}.Release|Any CPU.ActiveCfg = Release|Any CPU
		{AA536188-84FF-4286-A9E6-BAFBE1D8D37B}.Release|Any CPU.Build.0 = Release|Any CPU
		{F82FBB67-7B1D-43B7-A415-3F407D40E5C7}.Debug|Any CPU.ActiveCfg = Debug|Any CPU
		{F82FBB67-7B1D-43B7-A415-3F407D40E5C7}.Debug|Any CPU.Build.0 = Debug|Any CPU
		{F82FBB67-7B1D-43B7-A415-3F407D40E5C7}.Release|Any CPU.ActiveCfg = Release|Any CPU
		{F82FBB67-7B1D-43B7-A415-3F407D40E5C7}.Release|Any CPU.Build.0 = Release|Any CPU
		{A3BE3E13-D3A1-4800-B471-A39F5ED4B554}.Debug|Any CPU.ActiveCfg = Debug|Any CPU
		{A3BE3E13-D3A1-4800-B471-A39F5ED4B554}.Debug|Any CPU.Build.0 = Debug|Any CPU
		{A3BE3E13-D3A1-4800-B471-A39F5ED4B554}.Release|Any CPU.ActiveCfg = Release|Any CPU
		{A3BE3E13-D3A1-4800-B471-A39F5ED4B554}.Release|Any CPU.Build.0 = Release|Any CPU
		{DB7043AD-92FD-428A-BB43-18ED8D25B41D}.Debug|Any CPU.ActiveCfg = Debug|Any CPU
		{DB7043AD-92FD-428A-BB43-18ED8D25B41D}.Debug|Any CPU.Build.0 = Debug|Any CPU
		{DB7043AD-92FD-428A-BB43-18ED8D25B41D}.Release|Any CPU.ActiveCfg = Release|Any CPU
		{DB7043AD-92FD-428A-BB43-18ED8D25B41D}.Release|Any CPU.Build.0 = Release|Any CPU
	EndGlobalSection
	GlobalSection(SolutionProperties) = preSolution
		HideSolutionNode = FALSE
	EndGlobalSection
	GlobalSection(NestedProjects) = preSolution
		{3D62116D-D193-4FB3-B99C-AA540E6E99D4} = {E2552411-D347-4907-9C50-2B7EDCB4B64A}
		{DF693C06-200A-4903-B72F-AF600BB7D47A} = {3D62116D-D193-4FB3-B99C-AA540E6E99D4}
		{BA247981-850D-416E-AE85-10BEC7349F21} = {3D62116D-D193-4FB3-B99C-AA540E6E99D4}
		{AA536188-84FF-4286-A9E6-BAFBE1D8D37B} = {46B2DB14-93E8-4C3F-8382-BEB6F9CC3CD7}
		{46B2DB14-93E8-4C3F-8382-BEB6F9CC3CD7} = {6BD1A4DA-D8A1-441D-AE30-7FFDAF884926}
		{7F6D9E5C-4E54-499D-8912-E613AC18CD4C} = {6BD1A4DA-D8A1-441D-AE30-7FFDAF884926}
		{F82FBB67-7B1D-43B7-A415-3F407D40E5C7} = {7F6D9E5C-4E54-499D-8912-E613AC18CD4C}
		{15D448CF-A201-41D0-AE85-DF180ACD5818} = {6BD1A4DA-D8A1-441D-AE30-7FFDAF884926}
		{A3BE3E13-D3A1-4800-B471-A39F5ED4B554} = {15D448CF-A201-41D0-AE85-DF180ACD5818}
		{DB7043AD-92FD-428A-BB43-18ED8D25B41D} = {3D62116D-D193-4FB3-B99C-AA540E6E99D4}
	EndGlobalSection
EndGlobal
