
Microsoft Visual Studio Solution File, Format Version 12.00
# Visual Studio 15
VisualStudioVersion = 15.0.26730.15
MinimumVisualStudioVersion = 10.0.40219.1
Project("{2150E333-8FDC-42A3-9474-1A3956D46DE8}") = "Servers", "Servers", "{E2552411-D347-4907-9C50-2B7EDCB4B64A}"
EndProject
Project("{2150E333-8FDC-42A3-9474-1A3956D46DE8}") = "Game", "Game", "{3D62116D-D193-4FB3-B99C-AA540E6E99D4}"
EndProject
Project("{FAE04EC0-301F-11D3-BF4B-00C04F79EFBC}") = "Game", "Servers\Game\Game\Game.csproj", "{DF693C06-200A-4903-B72F-AF600BB7D47A}"
EndProject
Project("{2150E333-8FDC-42A3-9474-1A3956D46DE8}") = "Shared", "Shared", "{6BD1A4DA-D8A1-441D-AE30-7FFDAF884926}"
EndProject
Project("{FAE04EC0-301F-11D3-BF4B-00C04F79EFBC}") = "Game.PhotonStarter", "Servers\Game\Game.PhotonStarter\Game.PhotonStarter.csproj", "{BA247981-850D-416E-AE85-10BEC7349F21}"
EndProject
Project("{FAE04EC0-301F-11D3-BF4B-00C04F79EFBC}") = "Game.Common", "Servers\Game\Game.Common\Game.Common.csproj", "{AA536188-84FF-4286-A9E6-BAFBE1D8D37B}"
EndProject
Project("{2150E333-8FDC-42A3-9474-1A3956D46DE8}") = "Client", "Client", "{46B2DB14-93E8-4C3F-8382-BEB6F9CC3CD7}"
EndProject
Project("{2150E333-8FDC-42A3-9474-1A3956D46DE8}") = "Servers", "Servers", "{7F6D9E5C-4E54-499D-8912-E613AC18CD4C}"
EndProject
Project("{FAE04EC0-301F-11D3-BF4B-00C04F79EFBC}") = "ServerApplication.Common", "Shared\Servers\ServerApplication.Common\ServerApplication.Common.csproj", "{F82FBB67-7B1D-43B7-A415-3F407D40E5C7}"
EndProject
Project("{2150E333-8FDC-42A3-9474-1A3956D46DE8}") = "Helper", "Helper", "{15D448CF-A201-41D0-AE85-DF180ACD5818}"
EndProject
Project("{FAE04EC0-301F-11D3-BF4B-00C04F79EFBC}") = "MathematicsHelper", "Shared\Helper\MathematicsHelper\MathematicsHelper.csproj", "{A3BE3E13-D3A1-4800-B471-A39F5ED4B554}"
EndProject
Project("{FAE04EC0-301F-11D3-BF4B-00C04F79EFBC}") = "Game.InterestManagement", "Servers\Game\Game.InterestManagement\Game.InterestManagement.csproj", "{DB7043AD-92FD-428A-BB43-18ED8D25B41D}"
EndProject
Project("{2150E333-8FDC-42A3-9474-1A3956D46DE8}") = "Python", "Python", "{A6880D1E-AF42-4785-ACD7-2A97BBF4E83D}"
EndProject
Project("{FAE04EC0-301F-11D3-BF4B-00C04F79EFBC}") = "PythonScripting", "Shared\Python\PythonScripting\PythonScripting.csproj", "{F74FA3B5-23F9-460D-B9BC-F6C0E98F7556}"
EndProject
Project("{2150E333-8FDC-42A3-9474-1A3956D46DE8}") = "Chat", "Chat", "{E7B92426-12DC-48E6-A5EE-D697E7D37CB2}"
EndProject
Project("{FAE04EC0-301F-11D3-BF4B-00C04F79EFBC}") = "Chat", "Servers\Chat\Chat\Chat.csproj", "{4EA8869D-4447-448A-ACF7-C46A4640324D}"
EndProject
Project("{FAE04EC0-301F-11D3-BF4B-00C04F79EFBC}") = "Chat.PhotonStarter", "Servers\Chat\Chat.PhotonStarter\Chat.PhotonStarter.csproj", "{0DEC7208-CD13-4900-95A3-5519727A3902}"
EndProject
Project("{FAE04EC0-301F-11D3-BF4B-00C04F79EFBC}") = "Chat.Common", "Servers\Chat\Chat.Common\Chat.Common\Chat.Common.csproj", "{900E3927-BEC2-4CAB-A5A2-E1480FAAC11A}"
EndProject
Project("{2150E333-8FDC-42A3-9474-1A3956D46DE8}") = "Registration", "Registration", "{ECC73817-FE03-4C27-8609-5AD5A8D8CE63}"
EndProject
Project("{FAE04EC0-301F-11D3-BF4B-00C04F79EFBC}") = "Registration", "Servers\Registration\Registration\Registration.csproj", "{5EA5F3C7-5040-4EE3-9B31-DE10977D553E}"
EndProject
Project("{FAE04EC0-301F-11D3-BF4B-00C04F79EFBC}") = "Registration.PhotonStarter", "Servers\Registration\Registration.PhotonStarter\Registration.PhotonStarter.csproj", "{A6A97506-4C26-4A57-95E6-B96936EEBD82}"
EndProject
Project("{FAE04EC0-301F-11D3-BF4B-00C04F79EFBC}") = "Registration.Common", "Servers\Registration\Registration.Common\Registration.Common.csproj", "{50468D7F-3700-4C7C-805B-AB08CB5BA77A}"
EndProject
Project("{2150E333-8FDC-42A3-9474-1A3956D46DE8}") = "Login", "Login", "{387A6691-0218-4C4C-83E8-E21E8CBDB460}"
EndProject
Project("{FAE04EC0-301F-11D3-BF4B-00C04F79EFBC}") = "Login", "Servers\Login\Login\Login.csproj", "{857924CC-235A-40F4-AB42-739FD420D80B}"
EndProject
Project("{FAE04EC0-301F-11D3-BF4B-00C04F79EFBC}") = "Login.PhotonStarter", "Servers\Login\Login.PhotonStarter\Login.PhotonStarter.csproj", "{14B4F196-70A2-4D76-B065-557DDF298665}"
EndProject
Project("{FAE04EC0-301F-11D3-BF4B-00C04F79EFBC}") = "Login.Common", "Servers\Login\Login.Common\Login.Common.csproj", "{828BFB93-CA48-4B37-89D3-FC907903035D}"
EndProject
Project("{2150E333-8FDC-42A3-9474-1A3956D46DE8}") = "Database", "Database", "{CAEC4E64-6E4B-40C3-9E6E-7077AEE6AF9E}"
EndProject
Project("{FAE04EC0-301F-11D3-BF4B-00C04F79EFBC}") = "Database.Common", "Shared\Database\Database.Common\Database.Common.csproj", "{46B701A0-8606-4EF1-B111-F001EE74F124}"
EndProject
Project("{FAE04EC0-301F-11D3-BF4B-00C04F79EFBC}") = "ComponentModel.Common", "Shared\Servers\ComponentModel.Common\ComponentModel.Common.csproj", "{00565794-9958-47D9-9E8E-6D7193D67B9D}"
EndProject
Project("{FAE04EC0-301F-11D3-BF4B-00C04F79EFBC}") = "PeerLogic.Common", "Shared\Servers\PeerLogic.Common\PeerLogic.Common.csproj", "{F90F12D2-58E0-4718-A205-EBFD28C81742}"
EndProject
Project("{FAE04EC0-301F-11D3-BF4B-00C04F79EFBC}") = "PhotonStarter.Common", "Shared\Servers\PhotonStarter.Common\PhotonStarter.Common.csproj", "{9CF08CBC-8EAE-4159-8620-1383D562B6CA}"
EndProject
Global
	GlobalSection(SolutionConfigurationPlatforms) = preSolution
		Debug|Any CPU = Debug|Any CPU
		Release|Any CPU = Release|Any CPU
	EndGlobalSection
	GlobalSection(ProjectConfigurationPlatforms) = postSolution
		{DF693C06-200A-4903-B72F-AF600BB7D47A}.Debug|Any CPU.ActiveCfg = Debug|Any CPU
		{DF693C06-200A-4903-B72F-AF600BB7D47A}.Debug|Any CPU.Build.0 = Debug|Any CPU
		{DF693C06-200A-4903-B72F-AF600BB7D47A}.Release|Any CPU.ActiveCfg = Release|Any CPU
		{DF693C06-200A-4903-B72F-AF600BB7D47A}.Release|Any CPU.Build.0 = Release|Any CPU
		{BA247981-850D-416E-AE85-10BEC7349F21}.Debug|Any CPU.ActiveCfg = Debug|Any CPU
		{BA247981-850D-416E-AE85-10BEC7349F21}.Debug|Any CPU.Build.0 = Debug|Any CPU
		{BA247981-850D-416E-AE85-10BEC7349F21}.Release|Any CPU.ActiveCfg = Release|Any CPU
		{BA247981-850D-416E-AE85-10BEC7349F21}.Release|Any CPU.Build.0 = Release|Any CPU
		{AA536188-84FF-4286-A9E6-BAFBE1D8D37B}.Debug|Any CPU.ActiveCfg = Debug|Any CPU
		{AA536188-84FF-4286-A9E6-BAFBE1D8D37B}.Debug|Any CPU.Build.0 = Debug|Any CPU
		{AA536188-84FF-4286-A9E6-BAFBE1D8D37B}.Release|Any CPU.ActiveCfg = Release|Any CPU
		{AA536188-84FF-4286-A9E6-BAFBE1D8D37B}.Release|Any CPU.Build.0 = Release|Any CPU
		{F82FBB67-7B1D-43B7-A415-3F407D40E5C7}.Debug|Any CPU.ActiveCfg = Debug|Any CPU
		{F82FBB67-7B1D-43B7-A415-3F407D40E5C7}.Debug|Any CPU.Build.0 = Debug|Any CPU
		{F82FBB67-7B1D-43B7-A415-3F407D40E5C7}.Release|Any CPU.ActiveCfg = Release|Any CPU
		{F82FBB67-7B1D-43B7-A415-3F407D40E5C7}.Release|Any CPU.Build.0 = Release|Any CPU
		{A3BE3E13-D3A1-4800-B471-A39F5ED4B554}.Debug|Any CPU.ActiveCfg = Debug|Any CPU
		{A3BE3E13-D3A1-4800-B471-A39F5ED4B554}.Debug|Any CPU.Build.0 = Debug|Any CPU
		{A3BE3E13-D3A1-4800-B471-A39F5ED4B554}.Release|Any CPU.ActiveCfg = Release|Any CPU
		{A3BE3E13-D3A1-4800-B471-A39F5ED4B554}.Release|Any CPU.Build.0 = Release|Any CPU
		{DB7043AD-92FD-428A-BB43-18ED8D25B41D}.Debug|Any CPU.ActiveCfg = Debug|Any CPU
		{DB7043AD-92FD-428A-BB43-18ED8D25B41D}.Debug|Any CPU.Build.0 = Debug|Any CPU
		{DB7043AD-92FD-428A-BB43-18ED8D25B41D}.Release|Any CPU.ActiveCfg = Release|Any CPU
		{DB7043AD-92FD-428A-BB43-18ED8D25B41D}.Release|Any CPU.Build.0 = Release|Any CPU
		{F74FA3B5-23F9-460D-B9BC-F6C0E98F7556}.Debug|Any CPU.ActiveCfg = Debug|Any CPU
		{F74FA3B5-23F9-460D-B9BC-F6C0E98F7556}.Debug|Any CPU.Build.0 = Debug|Any CPU
		{F74FA3B5-23F9-460D-B9BC-F6C0E98F7556}.Release|Any CPU.ActiveCfg = Release|Any CPU
		{F74FA3B5-23F9-460D-B9BC-F6C0E98F7556}.Release|Any CPU.Build.0 = Release|Any CPU
		{4EA8869D-4447-448A-ACF7-C46A4640324D}.Debug|Any CPU.ActiveCfg = Debug|Any CPU
		{4EA8869D-4447-448A-ACF7-C46A4640324D}.Debug|Any CPU.Build.0 = Debug|Any CPU
		{4EA8869D-4447-448A-ACF7-C46A4640324D}.Release|Any CPU.ActiveCfg = Release|Any CPU
		{4EA8869D-4447-448A-ACF7-C46A4640324D}.Release|Any CPU.Build.0 = Release|Any CPU
		{0DEC7208-CD13-4900-95A3-5519727A3902}.Debug|Any CPU.ActiveCfg = Debug|Any CPU
		{0DEC7208-CD13-4900-95A3-5519727A3902}.Debug|Any CPU.Build.0 = Debug|Any CPU
		{0DEC7208-CD13-4900-95A3-5519727A3902}.Release|Any CPU.ActiveCfg = Release|Any CPU
		{0DEC7208-CD13-4900-95A3-5519727A3902}.Release|Any CPU.Build.0 = Release|Any CPU
		{900E3927-BEC2-4CAB-A5A2-E1480FAAC11A}.Debug|Any CPU.ActiveCfg = Debug|Any CPU
		{900E3927-BEC2-4CAB-A5A2-E1480FAAC11A}.Debug|Any CPU.Build.0 = Debug|Any CPU
		{900E3927-BEC2-4CAB-A5A2-E1480FAAC11A}.Release|Any CPU.ActiveCfg = Release|Any CPU
		{900E3927-BEC2-4CAB-A5A2-E1480FAAC11A}.Release|Any CPU.Build.0 = Release|Any CPU
		{5EA5F3C7-5040-4EE3-9B31-DE10977D553E}.Debug|Any CPU.ActiveCfg = Debug|Any CPU
		{5EA5F3C7-5040-4EE3-9B31-DE10977D553E}.Debug|Any CPU.Build.0 = Debug|Any CPU
		{5EA5F3C7-5040-4EE3-9B31-DE10977D553E}.Release|Any CPU.ActiveCfg = Release|Any CPU
		{5EA5F3C7-5040-4EE3-9B31-DE10977D553E}.Release|Any CPU.Build.0 = Release|Any CPU
		{A6A97506-4C26-4A57-95E6-B96936EEBD82}.Debug|Any CPU.ActiveCfg = Debug|Any CPU
		{A6A97506-4C26-4A57-95E6-B96936EEBD82}.Debug|Any CPU.Build.0 = Debug|Any CPU
		{A6A97506-4C26-4A57-95E6-B96936EEBD82}.Release|Any CPU.ActiveCfg = Release|Any CPU
		{A6A97506-4C26-4A57-95E6-B96936EEBD82}.Release|Any CPU.Build.0 = Release|Any CPU
		{50468D7F-3700-4C7C-805B-AB08CB5BA77A}.Debug|Any CPU.ActiveCfg = Debug|Any CPU
		{50468D7F-3700-4C7C-805B-AB08CB5BA77A}.Debug|Any CPU.Build.0 = Debug|Any CPU
		{50468D7F-3700-4C7C-805B-AB08CB5BA77A}.Release|Any CPU.ActiveCfg = Release|Any CPU
		{50468D7F-3700-4C7C-805B-AB08CB5BA77A}.Release|Any CPU.Build.0 = Release|Any CPU
		{857924CC-235A-40F4-AB42-739FD420D80B}.Debug|Any CPU.ActiveCfg = Debug|Any CPU
		{857924CC-235A-40F4-AB42-739FD420D80B}.Debug|Any CPU.Build.0 = Debug|Any CPU
		{857924CC-235A-40F4-AB42-739FD420D80B}.Release|Any CPU.ActiveCfg = Release|Any CPU
		{857924CC-235A-40F4-AB42-739FD420D80B}.Release|Any CPU.Build.0 = Release|Any CPU
		{14B4F196-70A2-4D76-B065-557DDF298665}.Debug|Any CPU.ActiveCfg = Debug|Any CPU
		{14B4F196-70A2-4D76-B065-557DDF298665}.Debug|Any CPU.Build.0 = Debug|Any CPU
		{14B4F196-70A2-4D76-B065-557DDF298665}.Release|Any CPU.ActiveCfg = Release|Any CPU
		{14B4F196-70A2-4D76-B065-557DDF298665}.Release|Any CPU.Build.0 = Release|Any CPU
		{828BFB93-CA48-4B37-89D3-FC907903035D}.Debug|Any CPU.ActiveCfg = Debug|Any CPU
		{828BFB93-CA48-4B37-89D3-FC907903035D}.Debug|Any CPU.Build.0 = Debug|Any CPU
		{828BFB93-CA48-4B37-89D3-FC907903035D}.Release|Any CPU.ActiveCfg = Release|Any CPU
		{828BFB93-CA48-4B37-89D3-FC907903035D}.Release|Any CPU.Build.0 = Release|Any CPU
		{46B701A0-8606-4EF1-B111-F001EE74F124}.Debug|Any CPU.ActiveCfg = Debug|Any CPU
		{46B701A0-8606-4EF1-B111-F001EE74F124}.Debug|Any CPU.Build.0 = Debug|Any CPU
		{46B701A0-8606-4EF1-B111-F001EE74F124}.Release|Any CPU.ActiveCfg = Release|Any CPU
		{46B701A0-8606-4EF1-B111-F001EE74F124}.Release|Any CPU.Build.0 = Release|Any CPU
		{00565794-9958-47D9-9E8E-6D7193D67B9D}.Debug|Any CPU.ActiveCfg = Debug|Any CPU
		{00565794-9958-47D9-9E8E-6D7193D67B9D}.Debug|Any CPU.Build.0 = Debug|Any CPU
		{00565794-9958-47D9-9E8E-6D7193D67B9D}.Release|Any CPU.ActiveCfg = Release|Any CPU
		{00565794-9958-47D9-9E8E-6D7193D67B9D}.Release|Any CPU.Build.0 = Release|Any CPU
		{F90F12D2-58E0-4718-A205-EBFD28C81742}.Debug|Any CPU.ActiveCfg = Debug|Any CPU
		{F90F12D2-58E0-4718-A205-EBFD28C81742}.Debug|Any CPU.Build.0 = Debug|Any CPU
		{F90F12D2-58E0-4718-A205-EBFD28C81742}.Release|Any CPU.ActiveCfg = Release|Any CPU
		{F90F12D2-58E0-4718-A205-EBFD28C81742}.Release|Any CPU.Build.0 = Release|Any CPU
		{9CF08CBC-8EAE-4159-8620-1383D562B6CA}.Debug|Any CPU.ActiveCfg = Debug|Any CPU
		{9CF08CBC-8EAE-4159-8620-1383D562B6CA}.Debug|Any CPU.Build.0 = Debug|Any CPU
		{9CF08CBC-8EAE-4159-8620-1383D562B6CA}.Release|Any CPU.ActiveCfg = Release|Any CPU
		{9CF08CBC-8EAE-4159-8620-1383D562B6CA}.Release|Any CPU.Build.0 = Release|Any CPU
	EndGlobalSection
	GlobalSection(SolutionProperties) = preSolution
		HideSolutionNode = FALSE
	EndGlobalSection
	GlobalSection(NestedProjects) = preSolution
		{3D62116D-D193-4FB3-B99C-AA540E6E99D4} = {E2552411-D347-4907-9C50-2B7EDCB4B64A}
		{DF693C06-200A-4903-B72F-AF600BB7D47A} = {3D62116D-D193-4FB3-B99C-AA540E6E99D4}
		{BA247981-850D-416E-AE85-10BEC7349F21} = {3D62116D-D193-4FB3-B99C-AA540E6E99D4}
		{AA536188-84FF-4286-A9E6-BAFBE1D8D37B} = {46B2DB14-93E8-4C3F-8382-BEB6F9CC3CD7}
		{46B2DB14-93E8-4C3F-8382-BEB6F9CC3CD7} = {6BD1A4DA-D8A1-441D-AE30-7FFDAF884926}
		{7F6D9E5C-4E54-499D-8912-E613AC18CD4C} = {6BD1A4DA-D8A1-441D-AE30-7FFDAF884926}
		{F82FBB67-7B1D-43B7-A415-3F407D40E5C7} = {7F6D9E5C-4E54-499D-8912-E613AC18CD4C}
		{15D448CF-A201-41D0-AE85-DF180ACD5818} = {6BD1A4DA-D8A1-441D-AE30-7FFDAF884926}
		{A3BE3E13-D3A1-4800-B471-A39F5ED4B554} = {15D448CF-A201-41D0-AE85-DF180ACD5818}
		{DB7043AD-92FD-428A-BB43-18ED8D25B41D} = {3D62116D-D193-4FB3-B99C-AA540E6E99D4}
		{A6880D1E-AF42-4785-ACD7-2A97BBF4E83D} = {6BD1A4DA-D8A1-441D-AE30-7FFDAF884926}
		{F74FA3B5-23F9-460D-B9BC-F6C0E98F7556} = {A6880D1E-AF42-4785-ACD7-2A97BBF4E83D}
		{E7B92426-12DC-48E6-A5EE-D697E7D37CB2} = {E2552411-D347-4907-9C50-2B7EDCB4B64A}
		{4EA8869D-4447-448A-ACF7-C46A4640324D} = {E7B92426-12DC-48E6-A5EE-D697E7D37CB2}
		{0DEC7208-CD13-4900-95A3-5519727A3902} = {E7B92426-12DC-48E6-A5EE-D697E7D37CB2}
		{900E3927-BEC2-4CAB-A5A2-E1480FAAC11A} = {46B2DB14-93E8-4C3F-8382-BEB6F9CC3CD7}
		{ECC73817-FE03-4C27-8609-5AD5A8D8CE63} = {E2552411-D347-4907-9C50-2B7EDCB4B64A}
		{5EA5F3C7-5040-4EE3-9B31-DE10977D553E} = {ECC73817-FE03-4C27-8609-5AD5A8D8CE63}
		{A6A97506-4C26-4A57-95E6-B96936EEBD82} = {ECC73817-FE03-4C27-8609-5AD5A8D8CE63}
		{50468D7F-3700-4C7C-805B-AB08CB5BA77A} = {46B2DB14-93E8-4C3F-8382-BEB6F9CC3CD7}
		{387A6691-0218-4C4C-83E8-E21E8CBDB460} = {E2552411-D347-4907-9C50-2B7EDCB4B64A}
		{857924CC-235A-40F4-AB42-739FD420D80B} = {387A6691-0218-4C4C-83E8-E21E8CBDB460}
		{14B4F196-70A2-4D76-B065-557DDF298665} = {387A6691-0218-4C4C-83E8-E21E8CBDB460}
		{828BFB93-CA48-4B37-89D3-FC907903035D} = {46B2DB14-93E8-4C3F-8382-BEB6F9CC3CD7}
		{CAEC4E64-6E4B-40C3-9E6E-7077AEE6AF9E} = {6BD1A4DA-D8A1-441D-AE30-7FFDAF884926}
		{46B701A0-8606-4EF1-B111-F001EE74F124} = {CAEC4E64-6E4B-40C3-9E6E-7077AEE6AF9E}
		{00565794-9958-47D9-9E8E-6D7193D67B9D} = {7F6D9E5C-4E54-499D-8912-E613AC18CD4C}
		{F90F12D2-58E0-4718-A205-EBFD28C81742} = {7F6D9E5C-4E54-499D-8912-E613AC18CD4C}
		{9CF08CBC-8EAE-4159-8620-1383D562B6CA} = {7F6D9E5C-4E54-499D-8912-E613AC18CD4C}
	EndGlobalSection
	GlobalSection(ExtensibilityGlobals) = postSolution
		SolutionGuid = {E4930A91-FA7B-48D4-9B95-E8E5F16ACE7C}
	EndGlobalSection
EndGlobal
